
Microsoft Visual Studio Solution File, Format Version 12.00
# Visual Studio Version 17
VisualStudioVersion = 17.9.34728.123
MinimumVisualStudioVersion = 10.0.40219.1
Project("{9A19103F-16F7-4668-BE54-9A1E7A4F7556}") = "BloodyNotify", "BloodyNotify.csproj", "{B2EDF74B-EB03-44F3-8A8A-ADFC57CFFE09}"
EndProject
Global
	GlobalSection(SolutionConfigurationPlatforms) = preSolution
		Debug|Any CPU = Debug|Any CPU
		Release|Any CPU = Release|Any CPU
	EndGlobalSection
	GlobalSection(ProjectConfigurationPlatforms) = postSolution
		{B2EDF74B-EB03-44F3-8A8A-ADFC57CFFE09}.Debug|Any CPU.ActiveCfg = Debug|Any CPU
		{B2EDF74B-EB03-44F3-8A8A-ADFC57CFFE09}.Debug|Any CPU.Build.0 = Debug|Any CPU
		{B2EDF74B-EB03-44F3-8A8A-ADFC57CFFE09}.Release|Any CPU.ActiveCfg = Release|Any CPU
		{B2EDF74B-EB03-44F3-8A8A-ADFC57CFFE09}.Release|Any CPU.Build.0 = Release|Any CPU
	EndGlobalSection
	GlobalSection(SolutionProperties) = preSolution
		HideSolutionNode = FALSE
	EndGlobalSection
	GlobalSection(ExtensibilityGlobals) = postSolution
		SolutionGuid = {6D98269A-0890-40FB-9995-012F06C98BB1}
	EndGlobalSection
EndGlobal
