
Microsoft Visual Studio Solution File, Format Version 12.00
# Visual Studio Version 17
VisualStudioVersion = 17.2.32616.157
MinimumVisualStudioVersion = 10.0.40219.1
Project("{9A19103F-16F7-4668-BE54-9A1E7A4F7556}") = "Notify", "Notify.csproj", "{C00F1F07-253E-4F93-B547-9CEB4DED03A2}"
EndProject
Global
	GlobalSection(SolutionConfigurationPlatforms) = preSolution
		Debug|Any CPU = Debug|Any CPU
		Release|Any CPU = Release|Any CPU
	EndGlobalSection
	GlobalSection(ProjectConfigurationPlatforms) = postSolution
		{C00F1F07-253E-4F93-B547-9CEB4DED03A2}.Debug|Any CPU.ActiveCfg = Debug|Any CPU
		{C00F1F07-253E-4F93-B547-9CEB4DED03A2}.Debug|Any CPU.Build.0 = Debug|Any CPU
		{C00F1F07-253E-4F93-B547-9CEB4DED03A2}.Release|Any CPU.ActiveCfg = Release|Any CPU
		{C00F1F07-253E-4F93-B547-9CEB4DED03A2}.Release|Any CPU.Build.0 = Release|Any CPU
	EndGlobalSection
	GlobalSection(SolutionProperties) = preSolution
		HideSolutionNode = FALSE
	EndGlobalSection
	GlobalSection(ExtensibilityGlobals) = postSolution
		SolutionGuid = {5BAC9F38-9EE8-4941-A053-1DE73C37507E}
	EndGlobalSection
EndGlobal
